// !$*UTF8*$!
{
	archiveVersion = 1;
	classes = {
	};
	objectVersion = 77;
	objects = {

/* Begin PBXBuildFile section */
		682095072D4C4B5C0055E07A /* NotesUI in Frameworks */ = {isa = PBXBuildFile; productRef = 682095062D4C4B5C0055E07A /* NotesUI */; };
		684DDAC62D5CB78000331DC0 /* NotesStorage in Frameworks */ = {isa = PBXBuildFile; productRef = 684DDAC52D5CB78000331DC0 /* NotesStorage */; };
		684DDBE72D5CC99F00331DC0 /* NotesStorage in Frameworks */ = {isa = PBXBuildFile; productRef = 684DDBE62D5CC99F00331DC0 /* NotesStorage */; };
		684DDBEA2D5CCA6000331DC0 /* NotesStorage in Frameworks */ = {isa = PBXBuildFile; productRef = 684DDBE92D5CCA6000331DC0 /* NotesStorage */; };
		687BB91F2D5C43F000AE21C9 /* NotesUI in Frameworks */ = {isa = PBXBuildFile; productRef = 687BB91E2D5C43F000AE21C9 /* NotesUI */; };
/* End PBXBuildFile section */

/* Begin PBXContainerItemProxy section */
		682094C22D4C4A810055E07A /* PBXContainerItemProxy */ = {
			isa = PBXContainerItemProxy;
			containerPortal = 682094A82D4C4A800055E07A /* Project object */;
			proxyType = 1;
			remoteGlobalIDString = 682094AF2D4C4A800055E07A;
			remoteInfo = NotesMVVM;
		};
/* End PBXContainerItemProxy section */

/* Begin PBXFileReference section */
		682094B02D4C4A800055E07A /* NotesMVVM-C.app */ = {isa = PBXFileReference; explicitFileType = wrapper.application; includeInIndex = 0; path = "NotesMVVM-C.app"; sourceTree = BUILT_PRODUCTS_DIR; };
		682094C12D4C4A810055E07A /* NotesMVVM-CTests.xctest */ = {isa = PBXFileReference; explicitFileType = wrapper.cfbundle; includeInIndex = 0; path = "NotesMVVM-CTests.xctest"; sourceTree = BUILT_PRODUCTS_DIR; };
		68A2B2572D5C1AB200507F45 /* NotesMVVM-C.xctestplan */ = {isa = PBXFileReference; lastKnownFileType = text; path = "NotesMVVM-C.xctestplan"; sourceTree = "<group>"; };
/* End PBXFileReference section */

/* Begin PBXFileSystemSynchronizedRootGroup section */
		682094B22D4C4A800055E07A /* NotesMVVM-C */ = {
			isa = PBXFileSystemSynchronizedRootGroup;
			path = "NotesMVVM-C";
			sourceTree = "<group>";
		};
		682094C42D4C4A810055E07A /* NotesMVVM-CTests */ = {
			isa = PBXFileSystemSynchronizedRootGroup;
			path = "NotesMVVM-CTests";
			sourceTree = "<group>";
		};
/* End PBXFileSystemSynchronizedRootGroup section */

/* Begin PBXFrameworksBuildPhase section */
		682094AD2D4C4A800055E07A /* Frameworks */ = {
			isa = PBXFrameworksBuildPhase;
			buildActionMask = 2147483647;
			files = (
				684DDBEA2D5CCA6000331DC0 /* NotesStorage in Frameworks */,
				687BB91F2D5C43F000AE21C9 /* NotesUI in Frameworks */,
				684DDAC62D5CB78000331DC0 /* NotesStorage in Frameworks */,
				684DDBE72D5CC99F00331DC0 /* NotesStorage in Frameworks */,
				682095072D4C4B5C0055E07A /* NotesUI in Frameworks */,
			);
			runOnlyForDeploymentPostprocessing = 0;
		};
		682094BE2D4C4A810055E07A /* Frameworks */ = {
			isa = PBXFrameworksBuildPhase;
			buildActionMask = 2147483647;
			files = (
			);
			runOnlyForDeploymentPostprocessing = 0;
		};
/* End PBXFrameworksBuildPhase section */

/* Begin PBXGroup section */
		682094A72D4C4A800055E07A = {
			isa = PBXGroup;
			children = (
				68A2B2572D5C1AB200507F45 /* NotesMVVM-C.xctestplan */,
				682094B22D4C4A800055E07A /* NotesMVVM-C */,
				682094C42D4C4A810055E07A /* NotesMVVM-CTests */,
				682094B12D4C4A800055E07A /* Products */,
			);
			sourceTree = "<group>";
		};
		682094B12D4C4A800055E07A /* Products */ = {
			isa = PBXGroup;
			children = (
				682094B02D4C4A800055E07A /* NotesMVVM-C.app */,
				682094C12D4C4A810055E07A /* NotesMVVM-CTests.xctest */,
			);
			name = Products;
			sourceTree = "<group>";
		};
/* End PBXGroup section */

/* Begin PBXNativeTarget section */
		682094AF2D4C4A800055E07A /* NotesMVVM-C */ = {
			isa = PBXNativeTarget;
			buildConfigurationList = 682094D52D4C4A810055E07A /* Build configuration list for PBXNativeTarget "NotesMVVM-C" */;
			buildPhases = (
				682094AC2D4C4A800055E07A /* Sources */,
				682094AD2D4C4A800055E07A /* Frameworks */,
				682094AE2D4C4A800055E07A /* Resources */,
			);
			buildRules = (
			);
			dependencies = (
			);
			fileSystemSynchronizedGroups = (
				682094B22D4C4A800055E07A /* NotesMVVM-C */,
			);
			name = "NotesMVVM-C";
			packageProductDependencies = (
				682095062D4C4B5C0055E07A /* NotesUI */,
				687BB91E2D5C43F000AE21C9 /* NotesUI */,
				684DDAC52D5CB78000331DC0 /* NotesStorage */,
				684DDBE62D5CC99F00331DC0 /* NotesStorage */,
				684DDBE92D5CCA6000331DC0 /* NotesStorage */,
			);
			productName = NotesMVVM;
			productReference = 682094B02D4C4A800055E07A /* NotesMVVM-C.app */;
			productType = "com.apple.product-type.application";
		};
		682094C02D4C4A810055E07A /* NotesMVVM-CTests */ = {
			isa = PBXNativeTarget;
			buildConfigurationList = 682094D82D4C4A810055E07A /* Build configuration list for PBXNativeTarget "NotesMVVM-CTests" */;
			buildPhases = (
				682094BD2D4C4A810055E07A /* Sources */,
				682094BE2D4C4A810055E07A /* Frameworks */,
				682094BF2D4C4A810055E07A /* Resources */,
			);
			buildRules = (
			);
			dependencies = (
				682094C32D4C4A810055E07A /* PBXTargetDependency */,
			);
			fileSystemSynchronizedGroups = (
				682094C42D4C4A810055E07A /* NotesMVVM-CTests */,
			);
			name = "NotesMVVM-CTests";
			packageProductDependencies = (
			);
			productName = NotesMVVMTests;
			productReference = 682094C12D4C4A810055E07A /* NotesMVVM-CTests.xctest */;
			productType = "com.apple.product-type.bundle.unit-test";
		};
/* End PBXNativeTarget section */

/* Begin PBXProject section */
		682094A82D4C4A800055E07A /* Project object */ = {
			isa = PBXProject;
			attributes = {
				BuildIndependentTargetsInParallel = 1;
				LastSwiftUpdateCheck = 1620;
				LastUpgradeCheck = 1620;
				TargetAttributes = {
					682094AF2D4C4A800055E07A = {
						CreatedOnToolsVersion = 16.2;
					};
					682094C02D4C4A810055E07A = {
						CreatedOnToolsVersion = 16.2;
						LastSwiftMigration = 1620;
						TestTargetID = 682094AF2D4C4A800055E07A;
					};
				};
			};
			buildConfigurationList = 682094AB2D4C4A800055E07A /* Build configuration list for PBXProject "NotesMVVM-C" */;
			developmentRegion = en;
			hasScannedForEncodings = 0;
			knownRegions = (
				en,
				Base,
			);
			mainGroup = 682094A72D4C4A800055E07A;
			minimizedProjectReferenceProxies = 1;
			packageReferences = (
				687BB91D2D5C43F000AE21C9 /* XCRemoteSwiftPackageReference "NotesUI" */,
				684DDBE82D5CCA6000331DC0 /* XCRemoteSwiftPackageReference "NotesStorage" */,
			);
			preferredProjectObjectVersion = 77;
			productRefGroup = 682094B12D4C4A800055E07A /* Products */;
			projectDirPath = "";
			projectRoot = "";
			targets = (
				682094AF2D4C4A800055E07A /* NotesMVVM-C */,
				682094C02D4C4A810055E07A /* NotesMVVM-CTests */,
			);
		};
/* End PBXProject section */

/* Begin PBXResourcesBuildPhase section */
		682094AE2D4C4A800055E07A /* Resources */ = {
			isa = PBXResourcesBuildPhase;
			buildActionMask = 2147483647;
			files = (
			);
			runOnlyForDeploymentPostprocessing = 0;
		};
		682094BF2D4C4A810055E07A /* Resources */ = {
			isa = PBXResourcesBuildPhase;
			buildActionMask = 2147483647;
			files = (
			);
			runOnlyForDeploymentPostprocessing = 0;
		};
/* End PBXResourcesBuildPhase section */

/* Begin PBXSourcesBuildPhase section */
		682094AC2D4C4A800055E07A /* Sources */ = {
			isa = PBXSourcesBuildPhase;
			buildActionMask = 2147483647;
			files = (
			);
			runOnlyForDeploymentPostprocessing = 0;
		};
		682094BD2D4C4A810055E07A /* Sources */ = {
			isa = PBXSourcesBuildPhase;
			buildActionMask = 2147483647;
			files = (
			);
			runOnlyForDeploymentPostprocessing = 0;
		};
/* End PBXSourcesBuildPhase section */

/* Begin PBXTargetDependency section */
		682094C32D4C4A810055E07A /* PBXTargetDependency */ = {
			isa = PBXTargetDependency;
			target = 682094AF2D4C4A800055E07A /* NotesMVVM-C */;
			targetProxy = 682094C22D4C4A810055E07A /* PBXContainerItemProxy */;
		};
/* End PBXTargetDependency section */

/* Begin XCBuildConfiguration section */
		682094D32D4C4A810055E07A /* Debug */ = {
			isa = XCBuildConfiguration;
			buildSettings = {
				ALWAYS_SEARCH_USER_PATHS = NO;
				ASSETCATALOG_COMPILER_GENERATE_SWIFT_ASSET_SYMBOL_EXTENSIONS = YES;
				CLANG_ANALYZER_NONNULL = YES;
				CLANG_ANALYZER_NUMBER_OBJECT_CONVERSION = YES_AGGRESSIVE;
				CLANG_CXX_LANGUAGE_STANDARD = "gnu++20";
				CLANG_ENABLE_MODULES = YES;
				CLANG_ENABLE_OBJC_ARC = YES;
				CLANG_ENABLE_OBJC_WEAK = YES;
				CLANG_WARN_BLOCK_CAPTURE_AUTORELEASING = YES;
				CLANG_WARN_BOOL_CONVERSION = YES;
				CLANG_WARN_COMMA = YES;
				CLANG_WARN_CONSTANT_CONVERSION = YES;
				CLANG_WARN_DEPRECATED_OBJC_IMPLEMENTATIONS = YES;
				CLANG_WARN_DIRECT_OBJC_ISA_USAGE = YES_ERROR;
				CLANG_WARN_DOCUMENTATION_COMMENTS = YES;
				CLANG_WARN_EMPTY_BODY = YES;
				CLANG_WARN_ENUM_CONVERSION = YES;
				CLANG_WARN_INFINITE_RECURSION = YES;
				CLANG_WARN_INT_CONVERSION = YES;
				CLANG_WARN_NON_LITERAL_NULL_CONVERSION = YES;
				CLANG_WARN_OBJC_IMPLICIT_RETAIN_SELF = YES;
				CLANG_WARN_OBJC_LITERAL_CONVERSION = YES;
				CLANG_WARN_OBJC_ROOT_CLASS = YES_ERROR;
				CLANG_WARN_QUOTED_INCLUDE_IN_FRAMEWORK_HEADER = YES;
				CLANG_WARN_RANGE_LOOP_ANALYSIS = YES;
				CLANG_WARN_STRICT_PROTOTYPES = YES;
				CLANG_WARN_SUSPICIOUS_MOVE = YES;
				CLANG_WARN_UNGUARDED_AVAILABILITY = YES_AGGRESSIVE;
				CLANG_WARN_UNREACHABLE_CODE = YES;
				CLANG_WARN__DUPLICATE_METHOD_MATCH = YES;
				COPY_PHASE_STRIP = NO;
				DEBUG_INFORMATION_FORMAT = dwarf;
				ENABLE_STRICT_OBJC_MSGSEND = YES;
				ENABLE_TESTABILITY = YES;
				ENABLE_USER_SCRIPT_SANDBOXING = YES;
				GCC_C_LANGUAGE_STANDARD = gnu17;
				GCC_DYNAMIC_NO_PIC = NO;
				GCC_NO_COMMON_BLOCKS = YES;
				GCC_OPTIMIZATION_LEVEL = 0;
				GCC_PREPROCESSOR_DEFINITIONS = (
					"DEBUG=1",
					"$(inherited)",
				);
				GCC_WARN_64_TO_32_BIT_CONVERSION = YES;
				GCC_WARN_ABOUT_RETURN_TYPE = YES_ERROR;
				GCC_WARN_UNDECLARED_SELECTOR = YES;
				GCC_WARN_UNINITIALIZED_AUTOS = YES_AGGRESSIVE;
				GCC_WARN_UNUSED_FUNCTION = YES;
				GCC_WARN_UNUSED_VARIABLE = YES;
				LOCALIZATION_PREFERS_STRING_CATALOGS = YES;
				MTL_ENABLE_DEBUG_INFO = INCLUDE_SOURCE;
				MTL_FAST_MATH = YES;
				ONLY_ACTIVE_ARCH = YES;
				SWIFT_ACTIVE_COMPILATION_CONDITIONS = "DEBUG $(inherited)";
				SWIFT_OPTIMIZATION_LEVEL = "-Onone";
			};
			name = Debug;
		};
		682094D42D4C4A810055E07A /* Release */ = {
			isa = XCBuildConfiguration;
			buildSettings = {
				ALWAYS_SEARCH_USER_PATHS = NO;
				ASSETCATALOG_COMPILER_GENERATE_SWIFT_ASSET_SYMBOL_EXTENSIONS = YES;
				CLANG_ANALYZER_NONNULL = YES;
				CLANG_ANALYZER_NUMBER_OBJECT_CONVERSION = YES_AGGRESSIVE;
				CLANG_CXX_LANGUAGE_STANDARD = "gnu++20";
				CLANG_ENABLE_MODULES = YES;
				CLANG_ENABLE_OBJC_ARC = YES;
				CLANG_ENABLE_OBJC_WEAK = YES;
				CLANG_WARN_BLOCK_CAPTURE_AUTORELEASING = YES;
				CLANG_WARN_BOOL_CONVERSION = YES;
				CLANG_WARN_COMMA = YES;
				CLANG_WARN_CONSTANT_CONVERSION = YES;
				CLANG_WARN_DEPRECATED_OBJC_IMPLEMENTATIONS = YES;
				CLANG_WARN_DIRECT_OBJC_ISA_USAGE = YES_ERROR;
				CLANG_WARN_DOCUMENTATION_COMMENTS = YES;
				CLANG_WARN_EMPTY_BODY = YES;
				CLANG_WARN_ENUM_CONVERSION = YES;
				CLANG_WARN_INFINITE_RECURSION = YES;
				CLANG_WARN_INT_CONVERSION = YES;
				CLANG_WARN_NON_LITERAL_NULL_CONVERSION = YES;
				CLANG_WARN_OBJC_IMPLICIT_RETAIN_SELF = YES;
				CLANG_WARN_OBJC_LITERAL_CONVERSION = YES;
				CLANG_WARN_OBJC_ROOT_CLASS = YES_ERROR;
				CLANG_WARN_QUOTED_INCLUDE_IN_FRAMEWORK_HEADER = YES;
				CLANG_WARN_RANGE_LOOP_ANALYSIS = YES;
				CLANG_WARN_STRICT_PROTOTYPES = YES;
				CLANG_WARN_SUSPICIOUS_MOVE = YES;
				CLANG_WARN_UNGUARDED_AVAILABILITY = YES_AGGRESSIVE;
				CLANG_WARN_UNREACHABLE_CODE = YES;
				CLANG_WARN__DUPLICATE_METHOD_MATCH = YES;
				COPY_PHASE_STRIP = NO;
				DEBUG_INFORMATION_FORMAT = "dwarf-with-dsym";
				ENABLE_NS_ASSERTIONS = NO;
				ENABLE_STRICT_OBJC_MSGSEND = YES;
				ENABLE_USER_SCRIPT_SANDBOXING = YES;
				GCC_C_LANGUAGE_STANDARD = gnu17;
				GCC_NO_COMMON_BLOCKS = YES;
				GCC_WARN_64_TO_32_BIT_CONVERSION = YES;
				GCC_WARN_ABOUT_RETURN_TYPE = YES_ERROR;
				GCC_WARN_UNDECLARED_SELECTOR = YES;
				GCC_WARN_UNINITIALIZED_AUTOS = YES_AGGRESSIVE;
				GCC_WARN_UNUSED_FUNCTION = YES;
				GCC_WARN_UNUSED_VARIABLE = YES;
				LOCALIZATION_PREFERS_STRING_CATALOGS = YES;
				MTL_ENABLE_DEBUG_INFO = NO;
				MTL_FAST_MATH = YES;
				SWIFT_COMPILATION_MODE = wholemodule;
			};
			name = Release;
		};
		682094D62D4C4A810055E07A /* Debug */ = {
			isa = XCBuildConfiguration;
			buildSettings = {
				ASSETCATALOG_COMPILER_APPICON_NAME = AppIcon;
				ASSETCATALOG_COMPILER_GLOBAL_ACCENT_COLOR_NAME = AccentColor;
				CODE_SIGN_STYLE = Automatic;
				CURRENT_PROJECT_VERSION = 1;
				DEVELOPMENT_ASSET_PATHS = "";
				DEVELOPMENT_TEAM = D33JH92744;
				ENABLE_HARDENED_RUNTIME = YES;
				ENABLE_PREVIEWS = YES;
				GENERATE_INFOPLIST_FILE = YES;
				"INFOPLIST_KEY_UIApplicationSceneManifest_Generation[sdk=iphoneos*]" = YES;
				"INFOPLIST_KEY_UIApplicationSceneManifest_Generation[sdk=iphonesimulator*]" = YES;
				"INFOPLIST_KEY_UIApplicationSupportsIndirectInputEvents[sdk=iphoneos*]" = YES;
				"INFOPLIST_KEY_UIApplicationSupportsIndirectInputEvents[sdk=iphonesimulator*]" = YES;
				"INFOPLIST_KEY_UILaunchScreen_Generation[sdk=iphoneos*]" = YES;
				"INFOPLIST_KEY_UILaunchScreen_Generation[sdk=iphonesimulator*]" = YES;
				"INFOPLIST_KEY_UIStatusBarStyle[sdk=iphoneos*]" = UIStatusBarStyleDefault;
				"INFOPLIST_KEY_UIStatusBarStyle[sdk=iphonesimulator*]" = UIStatusBarStyleDefault;
				INFOPLIST_KEY_UISupportedInterfaceOrientations_iPad = "UIInterfaceOrientationPortrait UIInterfaceOrientationPortraitUpsideDown UIInterfaceOrientationLandscapeLeft UIInterfaceOrientationLandscapeRight";
				INFOPLIST_KEY_UISupportedInterfaceOrientations_iPhone = "UIInterfaceOrientationPortrait UIInterfaceOrientationLandscapeLeft UIInterfaceOrientationLandscapeRight";
				IPHONEOS_DEPLOYMENT_TARGET = 18.2;
				LD_RUNPATH_SEARCH_PATHS = "@executable_path/Frameworks";
				"LD_RUNPATH_SEARCH_PATHS[sdk=macosx*]" = "@executable_path/../Frameworks";
				MACOSX_DEPLOYMENT_TARGET = 15.1;
				MARKETING_VERSION = 1.0;
				PRODUCT_BUNDLE_IDENTIFIER = james.wolfe.NotesMVVM;
				PRODUCT_NAME = "$(TARGET_NAME)";
				SDKROOT = auto;
				SUPPORTED_PLATFORMS = "iphoneos iphonesimulator";
				SUPPORTS_MACCATALYST = NO;
				SWIFT_EMIT_LOC_STRINGS = YES;
				SWIFT_VERSION = 5.0;
				TARGETED_DEVICE_FAMILY = "1,2";
				XROS_DEPLOYMENT_TARGET = 2.2;
			};
			name = Debug;
		};
		682094D72D4C4A810055E07A /* Release */ = {
			isa = XCBuildConfiguration;
			buildSettings = {
				ASSETCATALOG_COMPILER_APPICON_NAME = AppIcon;
				ASSETCATALOG_COMPILER_GLOBAL_ACCENT_COLOR_NAME = AccentColor;
				CODE_SIGN_STYLE = Automatic;
				CURRENT_PROJECT_VERSION = 1;
				DEVELOPMENT_ASSET_PATHS = "";
				DEVELOPMENT_TEAM = D33JH92744;
				ENABLE_HARDENED_RUNTIME = YES;
				ENABLE_PREVIEWS = YES;
				GENERATE_INFOPLIST_FILE = YES;
				"INFOPLIST_KEY_UIApplicationSceneManifest_Generation[sdk=iphoneos*]" = YES;
				"INFOPLIST_KEY_UIApplicationSceneManifest_Generation[sdk=iphonesimulator*]" = YES;
				"INFOPLIST_KEY_UIApplicationSupportsIndirectInputEvents[sdk=iphoneos*]" = YES;
				"INFOPLIST_KEY_UIApplicationSupportsIndirectInputEvents[sdk=iphonesimulator*]" = YES;
				"INFOPLIST_KEY_UILaunchScreen_Generation[sdk=iphoneos*]" = YES;
				"INFOPLIST_KEY_UILaunchScreen_Generation[sdk=iphonesimulator*]" = YES;
				"INFOPLIST_KEY_UIStatusBarStyle[sdk=iphoneos*]" = UIStatusBarStyleDefault;
				"INFOPLIST_KEY_UIStatusBarStyle[sdk=iphonesimulator*]" = UIStatusBarStyleDefault;
				INFOPLIST_KEY_UISupportedInterfaceOrientations_iPad = "UIInterfaceOrientationPortrait UIInterfaceOrientationPortraitUpsideDown UIInterfaceOrientationLandscapeLeft UIInterfaceOrientationLandscapeRight";
				INFOPLIST_KEY_UISupportedInterfaceOrientations_iPhone = "UIInterfaceOrientationPortrait UIInterfaceOrientationLandscapeLeft UIInterfaceOrientationLandscapeRight";
				IPHONEOS_DEPLOYMENT_TARGET = 18.2;
				LD_RUNPATH_SEARCH_PATHS = "@executable_path/Frameworks";
				"LD_RUNPATH_SEARCH_PATHS[sdk=macosx*]" = "@executable_path/../Frameworks";
				MACOSX_DEPLOYMENT_TARGET = 15.1;
				MARKETING_VERSION = 1.0;
				PRODUCT_BUNDLE_IDENTIFIER = james.wolfe.NotesMVVM;
				PRODUCT_NAME = "$(TARGET_NAME)";
				SDKROOT = auto;
				SUPPORTED_PLATFORMS = "iphoneos iphonesimulator";
				SUPPORTS_MACCATALYST = NO;
				SWIFT_EMIT_LOC_STRINGS = YES;
				SWIFT_VERSION = 5.0;
				TARGETED_DEVICE_FAMILY = "1,2";
				XROS_DEPLOYMENT_TARGET = 2.2;
			};
			name = Release;
		};
		682094D92D4C4A810055E07A /* Debug */ = {
			isa = XCBuildConfiguration;
			buildSettings = {
				BUNDLE_LOADER = "$(TEST_HOST)";
				CLANG_ENABLE_MODULES = YES;
				CODE_SIGN_STYLE = Automatic;
				CURRENT_PROJECT_VERSION = 1;
				DEVELOPMENT_TEAM = D33JH92744;
				GENERATE_INFOPLIST_FILE = YES;
				IPHONEOS_DEPLOYMENT_TARGET = 18.2;
				MACOSX_DEPLOYMENT_TARGET = 15.1;
				MARKETING_VERSION = 1.0;
				PRODUCT_BUNDLE_IDENTIFIER = james.wolfe.NotesMVVMTests;
				PRODUCT_NAME = "$(TARGET_NAME)";
				SDKROOT = auto;
				SUPPORTED_PLATFORMS = "iphoneos iphonesimulator macosx xros xrsimulator";
				SWIFT_EMIT_LOC_STRINGS = NO;
				SWIFT_OPTIMIZATION_LEVEL = "-Onone";
				SWIFT_VERSION = 5.0;
				TARGETED_DEVICE_FAMILY = "1,2,7";
				TEST_HOST = "$(BUILT_PRODUCTS_DIR)/NotesMVVM-C.app/$(BUNDLE_EXECUTABLE_FOLDER_PATH)/NotesMVVM-C";
				XROS_DEPLOYMENT_TARGET = 2.2;
			};
			name = Debug;
		};
		682094DA2D4C4A810055E07A /* Release */ = {
			isa = XCBuildConfiguration;
			buildSettings = {
				BUNDLE_LOADER = "$(TEST_HOST)";
				CLANG_ENABLE_MODULES = YES;
				CODE_SIGN_STYLE = Automatic;
				CURRENT_PROJECT_VERSION = 1;
				DEVELOPMENT_TEAM = D33JH92744;
				GENERATE_INFOPLIST_FILE = YES;
				IPHONEOS_DEPLOYMENT_TARGET = 18.2;
				MACOSX_DEPLOYMENT_TARGET = 15.1;
				MARKETING_VERSION = 1.0;
				PRODUCT_BUNDLE_IDENTIFIER = james.wolfe.NotesMVVMTests;
				PRODUCT_NAME = "$(TARGET_NAME)";
				SDKROOT = auto;
				SUPPORTED_PLATFORMS = "iphoneos iphonesimulator macosx xros xrsimulator";
				SWIFT_EMIT_LOC_STRINGS = NO;
				SWIFT_VERSION = 5.0;
				TARGETED_DEVICE_FAMILY = "1,2,7";
				TEST_HOST = "$(BUILT_PRODUCTS_DIR)/NotesMVVM-C.app/$(BUNDLE_EXECUTABLE_FOLDER_PATH)/NotesMVVM-C";
				XROS_DEPLOYMENT_TARGET = 2.2;
			};
			name = Release;
		};
/* End XCBuildConfiguration section */

/* Begin XCConfigurationList section */
		682094AB2D4C4A800055E07A /* Build configuration list for PBXProject "NotesMVVM-C" */ = {
			isa = XCConfigurationList;
			buildConfigurations = (
				682094D32D4C4A810055E07A /* Debug */,
				682094D42D4C4A810055E07A /* Release */,
			);
			defaultConfigurationIsVisible = 0;
			defaultConfigurationName = Release;
		};
		682094D52D4C4A810055E07A /* Build configuration list for PBXNativeTarget "NotesMVVM-C" */ = {
			isa = XCConfigurationList;
			buildConfigurations = (
				682094D62D4C4A810055E07A /* Debug */,
				682094D72D4C4A810055E07A /* Release */,
			);
			defaultConfigurationIsVisible = 0;
			defaultConfigurationName = Release;
		};
		682094D82D4C4A810055E07A /* Build configuration list for PBXNativeTarget "NotesMVVM-CTests" */ = {
			isa = XCConfigurationList;
			buildConfigurations = (
				682094D92D4C4A810055E07A /* Debug */,
				682094DA2D4C4A810055E07A /* Release */,
			);
			defaultConfigurationIsVisible = 0;
			defaultConfigurationName = Release;
		};
/* End XCConfigurationList section */

/* Begin XCRemoteSwiftPackageReference section */
		684DDBE82D5CCA6000331DC0 /* XCRemoteSwiftPackageReference "NotesStorage" */ = {
			isa = XCRemoteSwiftPackageReference;
			repositoryURL = "https://github.com/wolfej94/NotesStorage";
			requirement = {
				branch = main;
				kind = branch;
			};
		};
		687BB91D2D5C43F000AE21C9 /* XCRemoteSwiftPackageReference "NotesUI" */ = {
			isa = XCRemoteSwiftPackageReference;
			repositoryURL = "https://github.com/wolfej94/NotesUI";
			requirement = {
				branch = main;
				kind = branch;
			};
		};
/* End XCRemoteSwiftPackageReference section */

/* Begin XCSwiftPackageProductDependency section */
		682095062D4C4B5C0055E07A /* NotesUI */ = {
			isa = XCSwiftPackageProductDependency;
			productName = NotesUI;
		};
		684DDAC52D5CB78000331DC0 /* NotesStorage */ = {
			isa = XCSwiftPackageProductDependency;
			productName = NotesStorage;
		};
		684DDBE62D5CC99F00331DC0 /* NotesStorage */ = {
			isa = XCSwiftPackageProductDependency;
			productName = NotesStorage;
		};
		684DDBE92D5CCA6000331DC0 /* NotesStorage */ = {
			isa = XCSwiftPackageProductDependency;
			package = 684DDBE82D5CCA6000331DC0 /* XCRemoteSwiftPackageReference "NotesStorage" */;
			productName = NotesStorage;
		};
		687BB91E2D5C43F000AE21C9 /* NotesUI */ = {
			isa = XCSwiftPackageProductDependency;
			package = 687BB91D2D5C43F000AE21C9 /* XCRemoteSwiftPackageReference "NotesUI" */;
			productName = NotesUI;
		};
/* End XCSwiftPackageProductDependency section */
	};
	rootObject = 682094A82D4C4A800055E07A /* Project object */;
}
