// !$*UTF8*$!
{
	archiveVersion = 1;
	classes = {
	};
	objectVersion = 77;
	objects = {

/* Begin PBXBuildFile section */
		684A87122D7216CB00502726 /* NotesStorage in Frameworks */ = {isa = PBXBuildFile; productRef = 684A87112D7216CB00502726 /* NotesStorage */; };
		684A87152D72296D00502726 /* NotesUI in Frameworks */ = {isa = PBXBuildFile; productRef = 684A87142D72296D00502726 /* NotesUI */; };
		684A87182D72298000502726 /* NotesUI in Frameworks */ = {isa = PBXBuildFile; productRef = 684A87172D72298000502726 /* NotesUI */; };
		684A871B2D72299600502726 /* NotesStorage in Frameworks */ = {isa = PBXBuildFile; productRef = 684A871A2D72299600502726 /* NotesStorage */; };
		68C0A1072D6F92D400C4B33B /* NotesUI in Frameworks */ = {isa = PBXBuildFile; productRef = 68C0A1062D6F92D400C4B33B /* NotesUI */; };
		68D904EE2D5A606400EB6469 /* NotesUI in Frameworks */ = {isa = PBXBuildFile; productRef = 68D904ED2D5A606400EB6469 /* NotesUI */; };
		68D904F12D5A609800EB6469 /* NotesUI in Frameworks */ = {isa = PBXBuildFile; productRef = 68D904F02D5A609800EB6469 /* NotesUI */; };
/* End PBXBuildFile section */

/* Begin PBXContainerItemProxy section */
		686D2D062D425D1F00E8DB65 /* PBXContainerItemProxy */ = {
			isa = PBXContainerItemProxy;
			containerPortal = 68925BFD2D3E7FE200877B55 /* Project object */;
			proxyType = 1;
			remoteGlobalIDString = 68925C042D3E7FE200877B55;
			remoteInfo = NotesMVC;
		};
/* End PBXContainerItemProxy section */

/* Begin PBXFileReference section */
		686D2D022D425D1F00E8DB65 /* NotesViperTests.xctest */ = {isa = PBXFileReference; explicitFileType = wrapper.cfbundle; includeInIndex = 0; path = NotesViperTests.xctest; sourceTree = BUILT_PRODUCTS_DIR; };
		687BB8E42D5C439700AE21C9 /* NotesViper.xctestplan */ = {isa = PBXFileReference; lastKnownFileType = text; path = NotesViper.xctestplan; sourceTree = "<group>"; };
		68925C052D3E7FE200877B55 /* NotesViper.app */ = {isa = PBXFileReference; explicitFileType = wrapper.application; includeInIndex = 0; path = NotesViper.app; sourceTree = BUILT_PRODUCTS_DIR; };
/* End PBXFileReference section */

/* Begin PBXFileSystemSynchronizedBuildFileExceptionSet section */
		68925C172D3E7FE400877B55 /* Exceptions for "NotesViper" folder in "NotesViper" target */ = {
			isa = PBXFileSystemSynchronizedBuildFileExceptionSet;
			membershipExceptions = (
				App/Info.plist,
			);
			target = 68925C042D3E7FE200877B55 /* NotesViper */;
		};
/* End PBXFileSystemSynchronizedBuildFileExceptionSet section */

/* Begin PBXFileSystemSynchronizedRootGroup section */
		686D2D032D425D1F00E8DB65 /* NotesViperTests */ = {
			isa = PBXFileSystemSynchronizedRootGroup;
			path = NotesViperTests;
			sourceTree = "<group>";
		};
		68925C072D3E7FE200877B55 /* NotesViper */ = {
			isa = PBXFileSystemSynchronizedRootGroup;
			exceptions = (
				68925C172D3E7FE400877B55 /* Exceptions for "NotesViper" folder in "NotesViper" target */,
			);
			path = NotesViper;
			sourceTree = "<group>";
		};
/* End PBXFileSystemSynchronizedRootGroup section */

/* Begin PBXFrameworksBuildPhase section */
		686D2CFF2D425D1F00E8DB65 /* Frameworks */ = {
			isa = PBXFrameworksBuildPhase;
			buildActionMask = 2147483647;
			files = (
			);
			runOnlyForDeploymentPostprocessing = 0;
		};
		68925C022D3E7FE200877B55 /* Frameworks */ = {
			isa = PBXFrameworksBuildPhase;
			buildActionMask = 2147483647;
			files = (
				684A87182D72298000502726 /* NotesUI in Frameworks */,
				68D904F12D5A609800EB6469 /* NotesUI in Frameworks */,
				68C0A1072D6F92D400C4B33B /* NotesUI in Frameworks */,
				684A87122D7216CB00502726 /* NotesStorage in Frameworks */,
				68D904EE2D5A606400EB6469 /* NotesUI in Frameworks */,
				684A87152D72296D00502726 /* NotesUI in Frameworks */,
				684A871B2D72299600502726 /* NotesStorage in Frameworks */,
			);
			runOnlyForDeploymentPostprocessing = 0;
		};
/* End PBXFrameworksBuildPhase section */

/* Begin PBXGroup section */
		68925BFC2D3E7FE200877B55 = {
			isa = PBXGroup;
			children = (
				687BB8E42D5C439700AE21C9 /* NotesViper.xctestplan */,
				68925C072D3E7FE200877B55 /* NotesViper */,
				686D2D032D425D1F00E8DB65 /* NotesViperTests */,
				68925C062D3E7FE200877B55 /* Products */,
			);
			sourceTree = "<group>";
		};
		68925C062D3E7FE200877B55 /* Products */ = {
			isa = PBXGroup;
			children = (
				68925C052D3E7FE200877B55 /* NotesViper.app */,
				686D2D022D425D1F00E8DB65 /* NotesViperTests.xctest */,
			);
			name = Products;
			sourceTree = "<group>";
		};
/* End PBXGroup section */

/* Begin PBXNativeTarget section */
		686D2D012D425D1F00E8DB65 /* NotesViperTests */ = {
			isa = PBXNativeTarget;
			buildConfigurationList = 686D2D0A2D425D1F00E8DB65 /* Build configuration list for PBXNativeTarget "NotesViperTests" */;
			buildPhases = (
				686D2CFE2D425D1F00E8DB65 /* Sources */,
				686D2CFF2D425D1F00E8DB65 /* Frameworks */,
				686D2D002D425D1F00E8DB65 /* Resources */,
			);
			buildRules = (
			);
			dependencies = (
				686D2D072D425D1F00E8DB65 /* PBXTargetDependency */,
			);
			fileSystemSynchronizedGroups = (
				686D2D032D425D1F00E8DB65 /* NotesViperTests */,
			);
			name = NotesViperTests;
			packageProductDependencies = (
			);
			productName = NotesMVCTests;
			productReference = 686D2D022D425D1F00E8DB65 /* NotesViperTests.xctest */;
			productType = "com.apple.product-type.bundle.unit-test";
		};
		68925C042D3E7FE200877B55 /* NotesViper */ = {
			isa = PBXNativeTarget;
			buildConfigurationList = 68925C182D3E7FE400877B55 /* Build configuration list for PBXNativeTarget "NotesViper" */;
			buildPhases = (
				68925C012D3E7FE200877B55 /* Sources */,
				68925C022D3E7FE200877B55 /* Frameworks */,
				68925C032D3E7FE200877B55 /* Resources */,
			);
			buildRules = (
			);
			dependencies = (
			);
			fileSystemSynchronizedGroups = (
				68925C072D3E7FE200877B55 /* NotesViper */,
			);
			name = NotesViper;
			packageProductDependencies = (
				68D904ED2D5A606400EB6469 /* NotesUI */,
				68D904F02D5A609800EB6469 /* NotesUI */,
				68C0A1062D6F92D400C4B33B /* NotesUI */,
				684A87112D7216CB00502726 /* NotesStorage */,
				684A87142D72296D00502726 /* NotesUI */,
				684A87172D72298000502726 /* NotesUI */,
				684A871A2D72299600502726 /* NotesStorage */,
			);
			productName = NotesMVC;
			productReference = 68925C052D3E7FE200877B55 /* NotesViper.app */;
			productType = "com.apple.product-type.application";
		};
/* End PBXNativeTarget section */

/* Begin PBXProject section */
		68925BFD2D3E7FE200877B55 /* Project object */ = {
			isa = PBXProject;
			attributes = {
				BuildIndependentTargetsInParallel = 1;
				LastSwiftUpdateCheck = 1620;
				LastUpgradeCheck = 1620;
				TargetAttributes = {
					686D2D012D425D1F00E8DB65 = {
						CreatedOnToolsVersion = 16.2;
						TestTargetID = 68925C042D3E7FE200877B55;
					};
					68925C042D3E7FE200877B55 = {
						CreatedOnToolsVersion = 16.2;
					};
				};
			};
			buildConfigurationList = 68925C002D3E7FE200877B55 /* Build configuration list for PBXProject "NotesViper" */;
			developmentRegion = en;
			hasScannedForEncodings = 0;
			knownRegions = (
				en,
				Base,
			);
			mainGroup = 68925BFC2D3E7FE200877B55;
			minimizedProjectReferenceProxies = 1;
			packageReferences = (
				684A87162D72298000502726 /* XCRemoteSwiftPackageReference "NotesUI" */,
				684A87192D72299600502726 /* XCRemoteSwiftPackageReference "NotesStorage" */,
			);
			preferredProjectObjectVersion = 77;
			productRefGroup = 68925C062D3E7FE200877B55 /* Products */;
			projectDirPath = "";
			projectRoot = "";
			targets = (
				68925C042D3E7FE200877B55 /* NotesViper */,
				686D2D012D425D1F00E8DB65 /* NotesViperTests */,
			);
		};
/* End PBXProject section */

/* Begin PBXResourcesBuildPhase section */
		686D2D002D425D1F00E8DB65 /* Resources */ = {
			isa = PBXResourcesBuildPhase;
			buildActionMask = 2147483647;
			files = (
			);
			runOnlyForDeploymentPostprocessing = 0;
		};
		68925C032D3E7FE200877B55 /* Resources */ = {
			isa = PBXResourcesBuildPhase;
			buildActionMask = 2147483647;
			files = (
			);
			runOnlyForDeploymentPostprocessing = 0;
		};
/* End PBXResourcesBuildPhase section */

/* Begin PBXSourcesBuildPhase section */
		686D2CFE2D425D1F00E8DB65 /* Sources */ = {
			isa = PBXSourcesBuildPhase;
			buildActionMask = 2147483647;
			files = (
			);
			runOnlyForDeploymentPostprocessing = 0;
		};
		68925C012D3E7FE200877B55 /* Sources */ = {
			isa = PBXSourcesBuildPhase;
			buildActionMask = 2147483647;
			files = (
			);
			runOnlyForDeploymentPostprocessing = 0;
		};
/* End PBXSourcesBuildPhase section */

/* Begin PBXTargetDependency section */
		686D2D072D425D1F00E8DB65 /* PBXTargetDependency */ = {
			isa = PBXTargetDependency;
			target = 68925C042D3E7FE200877B55 /* NotesViper */;
			targetProxy = 686D2D062D425D1F00E8DB65 /* PBXContainerItemProxy */;
		};
/* End PBXTargetDependency section */

/* Begin XCBuildConfiguration section */
		686D2D082D425D1F00E8DB65 /* Debug */ = {
			isa = XCBuildConfiguration;
			buildSettings = {
				BUNDLE_LOADER = "$(TEST_HOST)";
				CODE_SIGN_STYLE = Automatic;
				CURRENT_PROJECT_VERSION = 1;
				DEVELOPMENT_TEAM = D33JH92744;
				GENERATE_INFOPLIST_FILE = YES;
				MARKETING_VERSION = 1.0;
				PRODUCT_BUNDLE_IDENTIFIER = james.wolfe.NotesMVCTests;
				PRODUCT_NAME = "$(TARGET_NAME)";
				SUPPORTED_PLATFORMS = "iphoneos iphonesimulator";
				SUPPORTS_MACCATALYST = NO;
				SUPPORTS_MAC_DESIGNED_FOR_IPHONE_IPAD = NO;
				SUPPORTS_XR_DESIGNED_FOR_IPHONE_IPAD = NO;
				SWIFT_EMIT_LOC_STRINGS = NO;
				SWIFT_VERSION = 5.0;
				TARGETED_DEVICE_FAMILY = "1,2";
				TEST_HOST = "$(BUILT_PRODUCTS_DIR)/NotesViper.app/$(BUNDLE_EXECUTABLE_FOLDER_PATH)/NotesViper";
			};
			name = Debug;
		};
		686D2D092D425D1F00E8DB65 /* Release */ = {
			isa = XCBuildConfiguration;
			buildSettings = {
				BUNDLE_LOADER = "$(TEST_HOST)";
				CODE_SIGN_STYLE = Automatic;
				CURRENT_PROJECT_VERSION = 1;
				DEVELOPMENT_TEAM = D33JH92744;
				GENERATE_INFOPLIST_FILE = YES;
				MARKETING_VERSION = 1.0;
				PRODUCT_BUNDLE_IDENTIFIER = james.wolfe.NotesMVCTests;
				PRODUCT_NAME = "$(TARGET_NAME)";
				SUPPORTED_PLATFORMS = "iphoneos iphonesimulator";
				SUPPORTS_MACCATALYST = NO;
				SUPPORTS_MAC_DESIGNED_FOR_IPHONE_IPAD = NO;
				SUPPORTS_XR_DESIGNED_FOR_IPHONE_IPAD = NO;
				SWIFT_EMIT_LOC_STRINGS = NO;
				SWIFT_VERSION = 5.0;
				TARGETED_DEVICE_FAMILY = "1,2";
				TEST_HOST = "$(BUILT_PRODUCTS_DIR)/NotesViper.app/$(BUNDLE_EXECUTABLE_FOLDER_PATH)/NotesViper";
			};
			name = Release;
		};
		68925C192D3E7FE400877B55 /* Debug */ = {
			isa = XCBuildConfiguration;
			buildSettings = {
				ASSETCATALOG_COMPILER_APPICON_NAME = AppIcon;
				ASSETCATALOG_COMPILER_GLOBAL_ACCENT_COLOR_NAME = AccentColor;
				CODE_SIGN_STYLE = Automatic;
				CURRENT_PROJECT_VERSION = 1;
				DEVELOPMENT_TEAM = D33JH92744;
				GENERATE_INFOPLIST_FILE = YES;
				INFOPLIST_FILE = NotesViper/App/Info.plist;
				INFOPLIST_KEY_UIApplicationSupportsIndirectInputEvents = YES;
				INFOPLIST_KEY_UILaunchStoryboardName = LaunchScreen;
				INFOPLIST_KEY_UISupportedInterfaceOrientations = UIInterfaceOrientationPortrait;
				INFOPLIST_KEY_UISupportedInterfaceOrientations_iPad = "UIInterfaceOrientationLandscapeLeft UIInterfaceOrientationLandscapeRight UIInterfaceOrientationPortrait UIInterfaceOrientationPortraitUpsideDown";
				LD_RUNPATH_SEARCH_PATHS = (
					"$(inherited)",
					"@executable_path/Frameworks",
					"$(CONFIGURATION_BUILD_DIR)",
					"@loader_path/../Frameworks",
				);
				MARKETING_VERSION = 1.0;
				PRODUCT_BUNDLE_IDENTIFIER = james.wolfe.NotesViper;
				PRODUCT_NAME = "$(TARGET_NAME)";
				SUPPORTED_PLATFORMS = "iphoneos iphonesimulator";
				SUPPORTS_MACCATALYST = NO;
				SUPPORTS_MAC_DESIGNED_FOR_IPHONE_IPAD = NO;
				SUPPORTS_XR_DESIGNED_FOR_IPHONE_IPAD = NO;
				SWIFT_EMIT_LOC_STRINGS = YES;
				SWIFT_VERSION = 5.0;
				TARGETED_DEVICE_FAMILY = "1,2";
			};
			name = Debug;
		};
		68925C1A2D3E7FE400877B55 /* Release */ = {
			isa = XCBuildConfiguration;
			buildSettings = {
				ASSETCATALOG_COMPILER_APPICON_NAME = AppIcon;
				ASSETCATALOG_COMPILER_GLOBAL_ACCENT_COLOR_NAME = AccentColor;
				CODE_SIGN_STYLE = Automatic;
				CURRENT_PROJECT_VERSION = 1;
				DEVELOPMENT_TEAM = D33JH92744;
				GENERATE_INFOPLIST_FILE = YES;
				INFOPLIST_FILE = NotesViper/App/Info.plist;
				INFOPLIST_KEY_UIApplicationSupportsIndirectInputEvents = YES;
				INFOPLIST_KEY_UILaunchStoryboardName = LaunchScreen;
				INFOPLIST_KEY_UISupportedInterfaceOrientations = UIInterfaceOrientationPortrait;
				INFOPLIST_KEY_UISupportedInterfaceOrientations_iPad = "UIInterfaceOrientationLandscapeLeft UIInterfaceOrientationLandscapeRight UIInterfaceOrientationPortrait UIInterfaceOrientationPortraitUpsideDown";
				LD_RUNPATH_SEARCH_PATHS = (
					"$(inherited)",
					"@executable_path/Frameworks",
				);
				MARKETING_VERSION = 1.0;
				PRODUCT_BUNDLE_IDENTIFIER = james.wolfe.NotesViper;
				PRODUCT_NAME = "$(TARGET_NAME)";
				SUPPORTED_PLATFORMS = "iphoneos iphonesimulator";
				SUPPORTS_MACCATALYST = NO;
				SUPPORTS_MAC_DESIGNED_FOR_IPHONE_IPAD = NO;
				SUPPORTS_XR_DESIGNED_FOR_IPHONE_IPAD = NO;
				SWIFT_EMIT_LOC_STRINGS = YES;
				SWIFT_VERSION = 5.0;
				TARGETED_DEVICE_FAMILY = "1,2";
			};
			name = Release;
		};
		68925C1B2D3E7FE400877B55 /* Debug */ = {
			isa = XCBuildConfiguration;
			buildSettings = {
				ALWAYS_SEARCH_USER_PATHS = NO;
				ASSETCATALOG_COMPILER_GENERATE_SWIFT_ASSET_SYMBOL_EXTENSIONS = YES;
				CLANG_ANALYZER_NONNULL = YES;
				CLANG_ANALYZER_NUMBER_OBJECT_CONVERSION = YES_AGGRESSIVE;
				CLANG_CXX_LANGUAGE_STANDARD = "gnu++20";
				CLANG_ENABLE_MODULES = YES;
				CLANG_ENABLE_OBJC_ARC = YES;
				CLANG_ENABLE_OBJC_WEAK = YES;
				CLANG_WARN_BLOCK_CAPTURE_AUTORELEASING = YES;
				CLANG_WARN_BOOL_CONVERSION = YES;
				CLANG_WARN_COMMA = YES;
				CLANG_WARN_CONSTANT_CONVERSION = YES;
				CLANG_WARN_DEPRECATED_OBJC_IMPLEMENTATIONS = YES;
				CLANG_WARN_DIRECT_OBJC_ISA_USAGE = YES_ERROR;
				CLANG_WARN_DOCUMENTATION_COMMENTS = YES;
				CLANG_WARN_EMPTY_BODY = YES;
				CLANG_WARN_ENUM_CONVERSION = YES;
				CLANG_WARN_INFINITE_RECURSION = YES;
				CLANG_WARN_INT_CONVERSION = YES;
				CLANG_WARN_NON_LITERAL_NULL_CONVERSION = YES;
				CLANG_WARN_OBJC_IMPLICIT_RETAIN_SELF = YES;
				CLANG_WARN_OBJC_LITERAL_CONVERSION = YES;
				CLANG_WARN_OBJC_ROOT_CLASS = YES_ERROR;
				CLANG_WARN_QUOTED_INCLUDE_IN_FRAMEWORK_HEADER = YES;
				CLANG_WARN_RANGE_LOOP_ANALYSIS = YES;
				CLANG_WARN_STRICT_PROTOTYPES = YES;
				CLANG_WARN_SUSPICIOUS_MOVE = YES;
				CLANG_WARN_UNGUARDED_AVAILABILITY = YES_AGGRESSIVE;
				CLANG_WARN_UNREACHABLE_CODE = YES;
				CLANG_WARN__DUPLICATE_METHOD_MATCH = YES;
				COPY_PHASE_STRIP = NO;
				DEBUG_INFORMATION_FORMAT = dwarf;
				ENABLE_STRICT_OBJC_MSGSEND = YES;
				ENABLE_TESTABILITY = YES;
				ENABLE_USER_SCRIPT_SANDBOXING = YES;
				GCC_C_LANGUAGE_STANDARD = gnu17;
				GCC_DYNAMIC_NO_PIC = NO;
				GCC_NO_COMMON_BLOCKS = YES;
				GCC_OPTIMIZATION_LEVEL = 0;
				GCC_PREPROCESSOR_DEFINITIONS = (
					"DEBUG=1",
					"$(inherited)",
				);
				GCC_WARN_64_TO_32_BIT_CONVERSION = YES;
				GCC_WARN_ABOUT_RETURN_TYPE = YES_ERROR;
				GCC_WARN_UNDECLARED_SELECTOR = YES;
				GCC_WARN_UNINITIALIZED_AUTOS = YES_AGGRESSIVE;
				GCC_WARN_UNUSED_FUNCTION = YES;
				GCC_WARN_UNUSED_VARIABLE = YES;
				IPHONEOS_DEPLOYMENT_TARGET = 18.2;
				LOCALIZATION_PREFERS_STRING_CATALOGS = YES;
				MTL_ENABLE_DEBUG_INFO = INCLUDE_SOURCE;
				MTL_FAST_MATH = YES;
				ONLY_ACTIVE_ARCH = YES;
				SDKROOT = iphoneos;
				SWIFT_ACTIVE_COMPILATION_CONDITIONS = "DEBUG $(inherited)";
				SWIFT_OPTIMIZATION_LEVEL = "-Onone";
			};
			name = Debug;
		};
		68925C1C2D3E7FE400877B55 /* Release */ = {
			isa = XCBuildConfiguration;
			buildSettings = {
				ALWAYS_SEARCH_USER_PATHS = NO;
				ASSETCATALOG_COMPILER_GENERATE_SWIFT_ASSET_SYMBOL_EXTENSIONS = YES;
				CLANG_ANALYZER_NONNULL = YES;
				CLANG_ANALYZER_NUMBER_OBJECT_CONVERSION = YES_AGGRESSIVE;
				CLANG_CXX_LANGUAGE_STANDARD = "gnu++20";
				CLANG_ENABLE_MODULES = YES;
				CLANG_ENABLE_OBJC_ARC = YES;
				CLANG_ENABLE_OBJC_WEAK = YES;
				CLANG_WARN_BLOCK_CAPTURE_AUTORELEASING = YES;
				CLANG_WARN_BOOL_CONVERSION = YES;
				CLANG_WARN_COMMA = YES;
				CLANG_WARN_CONSTANT_CONVERSION = YES;
				CLANG_WARN_DEPRECATED_OBJC_IMPLEMENTATIONS = YES;
				CLANG_WARN_DIRECT_OBJC_ISA_USAGE = YES_ERROR;
				CLANG_WARN_DOCUMENTATION_COMMENTS = YES;
				CLANG_WARN_EMPTY_BODY = YES;
				CLANG_WARN_ENUM_CONVERSION = YES;
				CLANG_WARN_INFINITE_RECURSION = YES;
				CLANG_WARN_INT_CONVERSION = YES;
				CLANG_WARN_NON_LITERAL_NULL_CONVERSION = YES;
				CLANG_WARN_OBJC_IMPLICIT_RETAIN_SELF = YES;
				CLANG_WARN_OBJC_LITERAL_CONVERSION = YES;
				CLANG_WARN_OBJC_ROOT_CLASS = YES_ERROR;
				CLANG_WARN_QUOTED_INCLUDE_IN_FRAMEWORK_HEADER = YES;
				CLANG_WARN_RANGE_LOOP_ANALYSIS = YES;
				CLANG_WARN_STRICT_PROTOTYPES = YES;
				CLANG_WARN_SUSPICIOUS_MOVE = YES;
				CLANG_WARN_UNGUARDED_AVAILABILITY = YES_AGGRESSIVE;
				CLANG_WARN_UNREACHABLE_CODE = YES;
				CLANG_WARN__DUPLICATE_METHOD_MATCH = YES;
				COPY_PHASE_STRIP = NO;
				DEBUG_INFORMATION_FORMAT = "dwarf-with-dsym";
				ENABLE_NS_ASSERTIONS = NO;
				ENABLE_STRICT_OBJC_MSGSEND = YES;
				ENABLE_USER_SCRIPT_SANDBOXING = YES;
				GCC_C_LANGUAGE_STANDARD = gnu17;
				GCC_NO_COMMON_BLOCKS = YES;
				GCC_WARN_64_TO_32_BIT_CONVERSION = YES;
				GCC_WARN_ABOUT_RETURN_TYPE = YES_ERROR;
				GCC_WARN_UNDECLARED_SELECTOR = YES;
				GCC_WARN_UNINITIALIZED_AUTOS = YES_AGGRESSIVE;
				GCC_WARN_UNUSED_FUNCTION = YES;
				GCC_WARN_UNUSED_VARIABLE = YES;
				IPHONEOS_DEPLOYMENT_TARGET = 18.2;
				LOCALIZATION_PREFERS_STRING_CATALOGS = YES;
				MTL_ENABLE_DEBUG_INFO = NO;
				MTL_FAST_MATH = YES;
				SDKROOT = iphoneos;
				SWIFT_COMPILATION_MODE = wholemodule;
				VALIDATE_PRODUCT = YES;
			};
			name = Release;
		};
/* End XCBuildConfiguration section */

/* Begin XCConfigurationList section */
		686D2D0A2D425D1F00E8DB65 /* Build configuration list for PBXNativeTarget "NotesViperTests" */ = {
			isa = XCConfigurationList;
			buildConfigurations = (
				686D2D082D425D1F00E8DB65 /* Debug */,
				686D2D092D425D1F00E8DB65 /* Release */,
			);
			defaultConfigurationIsVisible = 0;
			defaultConfigurationName = Release;
		};
		68925C002D3E7FE200877B55 /* Build configuration list for PBXProject "NotesViper" */ = {
			isa = XCConfigurationList;
			buildConfigurations = (
				68925C1B2D3E7FE400877B55 /* Debug */,
				68925C1C2D3E7FE400877B55 /* Release */,
			);
			defaultConfigurationIsVisible = 0;
			defaultConfigurationName = Release;
		};
		68925C182D3E7FE400877B55 /* Build configuration list for PBXNativeTarget "NotesViper" */ = {
			isa = XCConfigurationList;
			buildConfigurations = (
				68925C192D3E7FE400877B55 /* Debug */,
				68925C1A2D3E7FE400877B55 /* Release */,
			);
			defaultConfigurationIsVisible = 0;
			defaultConfigurationName = Release;
		};
/* End XCConfigurationList section */

/* Begin XCRemoteSwiftPackageReference section */
		684A87162D72298000502726 /* XCRemoteSwiftPackageReference "NotesUI" */ = {
			isa = XCRemoteSwiftPackageReference;
			repositoryURL = "https://github.com/wolfej94/NotesUI";
			requirement = {
				branch = main;
				kind = branch;
			};
		};
		684A87192D72299600502726 /* XCRemoteSwiftPackageReference "NotesStorage" */ = {
			isa = XCRemoteSwiftPackageReference;
			repositoryURL = "https://github.com/wolfej94/NotesStorage";
			requirement = {
				branch = main;
				kind = branch;
			};
		};
/* End XCRemoteSwiftPackageReference section */

/* Begin XCSwiftPackageProductDependency section */
		684A87112D7216CB00502726 /* NotesStorage */ = {
			isa = XCSwiftPackageProductDependency;
			productName = NotesStorage;
		};
		684A87142D72296D00502726 /* NotesUI */ = {
			isa = XCSwiftPackageProductDependency;
			productName = NotesUI;
		};
		684A87172D72298000502726 /* NotesUI */ = {
			isa = XCSwiftPackageProductDependency;
			package = 684A87162D72298000502726 /* XCRemoteSwiftPackageReference "NotesUI" */;
			productName = NotesUI;
		};
		684A871A2D72299600502726 /* NotesStorage */ = {
			isa = XCSwiftPackageProductDependency;
			package = 684A87192D72299600502726 /* XCRemoteSwiftPackageReference "NotesStorage" */;
			productName = NotesStorage;
		};
		68C0A1062D6F92D400C4B33B /* NotesUI */ = {
			isa = XCSwiftPackageProductDependency;
			productName = NotesUI;
		};
		68D904ED2D5A606400EB6469 /* NotesUI */ = {
			isa = XCSwiftPackageProductDependency;
			productName = NotesUI;
		};
		68D904F02D5A609800EB6469 /* NotesUI */ = {
			isa = XCSwiftPackageProductDependency;
			productName = NotesUI;
		};
/* End XCSwiftPackageProductDependency section */
	};
	rootObject = 68925BFD2D3E7FE200877B55 /* Project object */;
}
