{
  "originHash" : "f2efc6d1636cd7d47a2a64427182c6a22421284281819a4f4c52112a79bbce2b",
  "pins" : [
    {
      "identity" : "notesstorage",
      "kind" : "remoteSourceControl",
      "location" : "https://github.com/wolfej94/NotesStorage",
      "state" : {
        "branch" : "main",
        "revision" : "bba9a6dd38762518da40b57def0d66d0d8b573bc"
      }
    },
    {
      "identity" : "notesui",
      "kind" : "remoteSourceControl",
      "location" : "https://github.com/wolfej94/NotesUI",
      "state" : {
        "branch" : "main",
        "revision" : "3790021966a94e835286612499f631b782a1a182"
      }
    }
  ],
  "version" : 3
}
